
Microsoft Visual Studio Solution File, Format Version 12.00
# Visual Studio Version 17
VisualStudioVersion = 17.14.36908.2 d17.14
MinimumVisualStudioVersion = 10.0.40219.1
Project("{8BC9CEB8-8B4A-11D0-8D11-00A0C91BC942}") = "HONGDEF", "HONGDEF.vcxproj", "{80871624-EEA0-4CCB-BE85-C0A3D038C847}"
EndProject
Global
	GlobalSection(SolutionConfigurationPlatforms) = preSolution
		Debug|x64 = Debug|x64
		Debug|x86 = Debug|x86
		Release|x64 = Release|x64
		Release|x86 = Release|x86
	EndGlobalSection
	GlobalSection(ProjectConfigurationPlatforms) = postSolution
		{80871624-EEA0-4CCB-BE85-C0A3D038C847}.Debug|x64.ActiveCfg = Debug|x64
		{80871624-EEA0-4CCB-BE85-C0A3D038C847}.Debug|x64.Build.0 = Debug|x64
		{80871624-EEA0-4CCB-BE85-C0A3D038C847}.Debug|x86.ActiveCfg = Debug|Win32
		{80871624-EEA0-4CCB-BE85-C0A3D038C847}.Debug|x86.Build.0 = Debug|Win32
		{80871624-EEA0-4CCB-BE85-C0A3D038C847}.Release|x64.ActiveCfg = Release|x64
		{80871624-EEA0-4CCB-BE85-C0A3D038C847}.Release|x64.Build.0 = Release|x64
		{80871624-EEA0-4CCB-BE85-C0A3D038C847}.Release|x86.ActiveCfg = Release|Win32
		{80871624-EEA0-4CCB-BE85-C0A3D038C847}.Release|x86.Build.0 = Release|Win32
	EndGlobalSection
	GlobalSection(SolutionProperties) = preSolution
		HideSolutionNode = FALSE
	EndGlobalSection
	GlobalSection(ExtensibilityGlobals) = postSolution
		SolutionGuid = {674D5E35-4B79-4BFF-B925-F7707BA8FD55}
	EndGlobalSection
EndGlobal
